name: 𝚻հҽ 𝚨Łꪮⲛ𝛆 🚩𝗧ε᧘‌ᴍ

on:
  push:
    branches:
      - master

permissions:
  contents: write
  pull-requests: write

jobs:
  full-check:
    runs-on: ubuntu-latest

    steps:
      - uses: actions/checkout@v6

      - uses: actions/setup-python@v6
        with:
          python-version: "3.10"

      # ✅ Install uv (CI-safe)
      - name: Install uv
        run: |
          python -m pip install --upgrade pip
          python -m pip install uv

      # ✅ Verify uv (debug safety)
      - name: Verify uv
        run: uv --version

      # 🔥 NEW: pyproject.toml ke hisab se lock update
      - name: Generate uv.lock from pyproject.toml
        run: uv lock

      # Sync deps from lock
      - name: Sync from uv.lock
        run: uv sync

      # Tools
      - name: Install tools
        run: uv pip install black isort ruff pip-audit

      - name: Format python files
        run: |
          uv run black .
          uv run isort .

      - name: Ruff auto-fix
        run: |
          uv run ruff check . \
            --fix \
            --unsafe-fixes \
            --exit-zero

      # 🔍 Lock consistency check
      - name: Detect changes
        run: |
          uv lock --check || true
          if [ -n "$(git status --porcelain)" ]; then
            echo "CHANGED=true" >> $GITHUB_ENV
          else
            echo "CHANGED=false" >> $GITHUB_ENV
          fi

      # Security scan
      - name: Dependency audit
        continue-on-error: true
        run: uv run pip-audit

      # Auto PR
      - name: Create Pull Request
        if: env.CHANGED == 'true' && github.actor != 'github-actions[bot]'
        uses: peter-evans/create-pull-request@v8
        with:
          commit-message: "𝚻հҽ 𝚨Łꪮⲛ𝛆 🚩𝗧ε᧘‌ᴍ + #⟶̽ जय श्री ༢།म >𝟑🙏🚩"
          title: "✅ Automated repo auto-fix"
          body: |
            ✔ pyproject.toml sync  
            ✔ uv.lock regenerated  
            ✔ Black formatting  
            ✔ Import sorting (isort)  
            ✔ Ruff auto-fix  
            ✔ Security audit  
          labels: auto-fix, uv, ci
          branch: repo-auto-check-${{ github.run_id }}
          delete-branch: true
